
Microsoft Visual Studio Solution File, Format Version 12.00
# Visual Studio Version 17
VisualStudioVersion = 17.9.34622.214
MinimumVisualStudioVersion = 10.0.40219.1
Project("{FAE04EC0-301F-11D3-BF4B-00C04F79EFBC}") = "RoomBookingProject", "RoomBookingProject\RoomBookingProject.csproj", "{AD02848B-C741-45C8-B863-E7AD735E099C}"
EndProject
Global
	GlobalSection(SolutionConfigurationPlatforms) = preSolution
		Debug|Any CPU = Debug|Any CPU
		Release|Any CPU = Release|Any CPU
	EndGlobalSection
	GlobalSection(ProjectConfigurationPlatforms) = postSolution
		{AD02848B-C741-45C8-B863-E7AD735E099C}.Debug|Any CPU.ActiveCfg = Debug|Any CPU
		{AD02848B-C741-45C8-B863-E7AD735E099C}.Debug|Any CPU.Build.0 = Debug|Any CPU
		{AD02848B-C741-45C8-B863-E7AD735E099C}.Release|Any CPU.ActiveCfg = Release|Any CPU
		{AD02848B-C741-45C8-B863-E7AD735E099C}.Release|Any CPU.Build.0 = Release|Any CPU
	EndGlobalSection
	GlobalSection(SolutionProperties) = preSolution
		HideSolutionNode = FALSE
	EndGlobalSection
	GlobalSection(ExtensibilityGlobals) = postSolution
		SolutionGuid = {5FA19D2D-6AEC-487D-8463-92F8708BF4C3}
	EndGlobalSection
EndGlobal
